
Microsoft Visual Studio Solution File, Format Version 12.00
# Visual Studio Version 17
VisualStudioVersion = 17.5.002.0
MinimumVisualStudioVersion = 10.0.40219.1
Project("{2150E333-8FDC-42A3-9474-1A3956D46DE8}") = "src", "src", "{45C88533-E5DD-4612-B5B5-1FC53855FFBA}"
EndProject
Project("{9A19103F-16F7-4668-BE54-9A1E7A4F7556}") = "Play.Common", "src\Play.Common\Play.Common.csproj", "{A6B98B4D-85AD-4358-959A-1A5032D1A252}"
EndProject
Global
	GlobalSection(SolutionConfigurationPlatforms) = preSolution
		Debug|Any CPU = Debug|Any CPU
		Release|Any CPU = Release|Any CPU
	EndGlobalSection
	GlobalSection(ProjectConfigurationPlatforms) = postSolution
		{A6B98B4D-85AD-4358-959A-1A5032D1A252}.Debug|Any CPU.ActiveCfg = Debug|Any CPU
		{A6B98B4D-85AD-4358-959A-1A5032D1A252}.Debug|Any CPU.Build.0 = Debug|Any CPU
		{A6B98B4D-85AD-4358-959A-1A5032D1A252}.Release|Any CPU.ActiveCfg = Release|Any CPU
		{A6B98B4D-85AD-4358-959A-1A5032D1A252}.Release|Any CPU.Build.0 = Release|Any CPU
	EndGlobalSection
	GlobalSection(SolutionProperties) = preSolution
		HideSolutionNode = FALSE
	EndGlobalSection
	GlobalSection(NestedProjects) = preSolution
		{A6B98B4D-85AD-4358-959A-1A5032D1A252} = {45C88533-E5DD-4612-B5B5-1FC53855FFBA}
	EndGlobalSection
	GlobalSection(ExtensibilityGlobals) = postSolution
		SolutionGuid = {E14988BF-2D1F-42C0-8CD6-D9ED9BB1FB00}
	EndGlobalSection
EndGlobal
