
Microsoft Visual Studio Solution File, Format Version 12.00
# Visual Studio Version 17
VisualStudioVersion = 17.0.31903.59
MinimumVisualStudioVersion = 10.0.40219.1
Project("{2150E333-8FDC-42A3-9474-1A3956D46DE8}") = "src", "src", "{F44CF892-3202-40A5-BF4B-42AD8E00F2DB}"
EndProject
Project("{9A19103F-16F7-4668-BE54-9A1E7A4F7556}") = "Play.Catalog.Service", "src\Play.Catalog.Service\Play.Catalog.Service.csproj", "{F4529B7B-C20D-482E-93D1-BEF580D1AC32}"
EndProject
Project("{FAE04EC0-301F-11D3-BF4B-00C04F79EFBC}") = "Play.Catalog.Contracts", "src\Play.Catalog.Contracts\Play.Catalog.Contracts.csproj", "{AE664534-7510-4CE5-8B8A-C2E7CA111987}"
EndProject
Global
	GlobalSection(SolutionConfigurationPlatforms) = preSolution
		Debug|Any CPU = Debug|Any CPU
		Release|Any CPU = Release|Any CPU
	EndGlobalSection
	GlobalSection(ProjectConfigurationPlatforms) = postSolution
		{F4529B7B-C20D-482E-93D1-BEF580D1AC32}.Debug|Any CPU.ActiveCfg = Debug|Any CPU
		{F4529B7B-C20D-482E-93D1-BEF580D1AC32}.Debug|Any CPU.Build.0 = Debug|Any CPU
		{F4529B7B-C20D-482E-93D1-BEF580D1AC32}.Release|Any CPU.ActiveCfg = Release|Any CPU
		{F4529B7B-C20D-482E-93D1-BEF580D1AC32}.Release|Any CPU.Build.0 = Release|Any CPU
		{AE664534-7510-4CE5-8B8A-C2E7CA111987}.Debug|Any CPU.ActiveCfg = Debug|Any CPU
		{AE664534-7510-4CE5-8B8A-C2E7CA111987}.Debug|Any CPU.Build.0 = Debug|Any CPU
		{AE664534-7510-4CE5-8B8A-C2E7CA111987}.Release|Any CPU.ActiveCfg = Release|Any CPU
		{AE664534-7510-4CE5-8B8A-C2E7CA111987}.Release|Any CPU.Build.0 = Release|Any CPU
	EndGlobalSection
	GlobalSection(SolutionProperties) = preSolution
		HideSolutionNode = FALSE
	EndGlobalSection
	GlobalSection(NestedProjects) = preSolution
		{F4529B7B-C20D-482E-93D1-BEF580D1AC32} = {F44CF892-3202-40A5-BF4B-42AD8E00F2DB}
		{AE664534-7510-4CE5-8B8A-C2E7CA111987} = {F44CF892-3202-40A5-BF4B-42AD8E00F2DB}
	EndGlobalSection
	GlobalSection(ExtensibilityGlobals) = postSolution
		SolutionGuid = {22EA28A2-223C-481F-858A-2EAB089169F3}
	EndGlobalSection
EndGlobal
